
Microsoft Visual Studio Solution File, Format Version 12.00
# Visual Studio 15
VisualStudioVersion = 15.0.28307.329
MinimumVisualStudioVersion = 10.0.40219.1
Project("{FAE04EC0-301F-11D3-BF4B-00C04F79EFBC}") = "SimpleApp", "SimpleApp\SimpleApp.csproj", "{ADCFFB95-0E01-49F2-9B47-E296E39643F0}"
EndProject
Project("{FAE04EC0-301F-11D3-BF4B-00C04F79EFBC}") = "EventsApp", "EventsApp\EventsApp.csproj", "{153D9FDD-B308-4231-88DC-17867ACE1013}"
EndProject
Project("{FAE04EC0-301F-11D3-BF4B-00C04F79EFBC}") = "CommonModules", "CommonModules\CommonModules.csproj", "{10F42355-0AF9-4885-B94C-7D43469BE8A9}"
EndProject
Global
	GlobalSection(SolutionConfigurationPlatforms) = preSolution
		Debug|Any CPU = Debug|Any CPU
		Release|Any CPU = Release|Any CPU
	EndGlobalSection
	GlobalSection(ProjectConfigurationPlatforms) = postSolution
		{ADCFFB95-0E01-49F2-9B47-E296E39643F0}.Debug|Any CPU.ActiveCfg = Debug|Any CPU
		{ADCFFB95-0E01-49F2-9B47-E296E39643F0}.Debug|Any CPU.Build.0 = Debug|Any CPU
		{ADCFFB95-0E01-49F2-9B47-E296E39643F0}.Release|Any CPU.ActiveCfg = Release|Any CPU
		{ADCFFB95-0E01-49F2-9B47-E296E39643F0}.Release|Any CPU.Build.0 = Release|Any CPU
		{153D9FDD-B308-4231-88DC-17867ACE1013}.Debug|Any CPU.ActiveCfg = Debug|Any CPU
		{153D9FDD-B308-4231-88DC-17867ACE1013}.Debug|Any CPU.Build.0 = Debug|Any CPU
		{153D9FDD-B308-4231-88DC-17867ACE1013}.Release|Any CPU.ActiveCfg = Release|Any CPU
		{153D9FDD-B308-4231-88DC-17867ACE1013}.Release|Any CPU.Build.0 = Release|Any CPU
		{10F42355-0AF9-4885-B94C-7D43469BE8A9}.Debug|Any CPU.ActiveCfg = Debug|Any CPU
		{10F42355-0AF9-4885-B94C-7D43469BE8A9}.Debug|Any CPU.Build.0 = Debug|Any CPU
		{10F42355-0AF9-4885-B94C-7D43469BE8A9}.Release|Any CPU.ActiveCfg = Release|Any CPU
		{10F42355-0AF9-4885-B94C-7D43469BE8A9}.Release|Any CPU.Build.0 = Release|Any CPU
	EndGlobalSection
	GlobalSection(SolutionProperties) = preSolution
		HideSolutionNode = FALSE
	EndGlobalSection
	GlobalSection(ExtensibilityGlobals) = postSolution
		SolutionGuid = {9AF9D3A3-7ED4-4F14-99F3-90BFB4420CBB}
	EndGlobalSection
EndGlobal
